lockfileVersion: '9.0'

settings:
  autoInstallPeers: true
  excludeLinksFromLockfile: false

importers:

  .:
    dependencies:
      vue-bundle-renderer:
        specifier: ^2.2.0
        version: 2.2.0

packages:

  ufo@1.6.1:
    resolution: {integrity: sha512-9a4/uxlTWJ4+a5i0ooc1rU7C7YOw3wT+UGqdeNNHWnOF9qcMBgLRS+4IYUqbczewFx4mLEig6gawh7X6mFlEkA==}

  vue-bundle-renderer@2.2.0:
    resolution: {integrity: sha512-sz/0WEdYH1KfaOm0XaBmRZOWgYTEvUDt6yPYaUzl4E52qzgWLlknaPPTTZmp6benaPTlQAI/hN1x3tAzZygycg==}

snapshots:

  ufo@1.6.1: {}

  vue-bundle-renderer@2.2.0:
    dependencies:
      ufo: 1.6.1
